
Microsoft Visual Studio Solution File, Format Version 12.00
# Visual Studio Version 17
VisualStudioVersion = 17.14.36401.2
MinimumVisualStudioVersion = 10.0.40219.1
Project("{FAE04EC0-301F-11D3-BF4B-00C04F79EFBC}") = "CreditFlowAPI", "CreditFlow\CreditFlowAPI.csproj", "{98068589-5C79-427D-A612-0C13FA6FF859}"
EndProject
Project("{FAE04EC0-301F-11D3-BF4B-00C04F79EFBC}") = "Application", "Application\Application.csproj", "{89B1E651-ECD5-474E-999F-162F48ED451D}"
EndProject
Project("{FAE04EC0-301F-11D3-BF4B-00C04F79EFBC}") = "Infrastructure", "Infrastructure\Infrastructure.csproj", "{B79ED5D8-4C6D-4E6B-94DA-5EBD31973D0B}"
EndProject
Project("{FAE04EC0-301F-11D3-BF4B-00C04F79EFBC}") = "Domain", "Domain\Domain.csproj", "{665A5C34-33DB-45D7-B7DD-EE3B1B1465EE}"
EndProject
Global
	GlobalSection(SolutionConfigurationPlatforms) = preSolution
		Debug|Any CPU = Debug|Any CPU
		Release|Any CPU = Release|Any CPU
	EndGlobalSection
	GlobalSection(ProjectConfigurationPlatforms) = postSolution
		{98068589-5C79-427D-A612-0C13FA6FF859}.Debug|Any CPU.ActiveCfg = Debug|Any CPU
		{98068589-5C79-427D-A612-0C13FA6FF859}.Debug|Any CPU.Build.0 = Debug|Any CPU
		{98068589-5C79-427D-A612-0C13FA6FF859}.Release|Any CPU.ActiveCfg = Release|Any CPU
		{98068589-5C79-427D-A612-0C13FA6FF859}.Release|Any CPU.Build.0 = Release|Any CPU
		{89B1E651-ECD5-474E-999F-162F48ED451D}.Debug|Any CPU.ActiveCfg = Debug|Any CPU
		{89B1E651-ECD5-474E-999F-162F48ED451D}.Debug|Any CPU.Build.0 = Debug|Any CPU
		{89B1E651-ECD5-474E-999F-162F48ED451D}.Release|Any CPU.ActiveCfg = Release|Any CPU
		{89B1E651-ECD5-474E-999F-162F48ED451D}.Release|Any CPU.Build.0 = Release|Any CPU
		{B79ED5D8-4C6D-4E6B-94DA-5EBD31973D0B}.Debug|Any CPU.ActiveCfg = Debug|Any CPU
		{B79ED5D8-4C6D-4E6B-94DA-5EBD31973D0B}.Debug|Any CPU.Build.0 = Debug|Any CPU
		{B79ED5D8-4C6D-4E6B-94DA-5EBD31973D0B}.Release|Any CPU.ActiveCfg = Release|Any CPU
		{B79ED5D8-4C6D-4E6B-94DA-5EBD31973D0B}.Release|Any CPU.Build.0 = Release|Any CPU
		{665A5C34-33DB-45D7-B7DD-EE3B1B1465EE}.Debug|Any CPU.ActiveCfg = Debug|Any CPU
		{665A5C34-33DB-45D7-B7DD-EE3B1B1465EE}.Debug|Any CPU.Build.0 = Debug|Any CPU
		{665A5C34-33DB-45D7-B7DD-EE3B1B1465EE}.Release|Any CPU.ActiveCfg = Release|Any CPU
		{665A5C34-33DB-45D7-B7DD-EE3B1B1465EE}.Release|Any CPU.Build.0 = Release|Any CPU
	EndGlobalSection
	GlobalSection(SolutionProperties) = preSolution
		HideSolutionNode = FALSE
	EndGlobalSection
	GlobalSection(ExtensibilityGlobals) = postSolution
		SolutionGuid = {3A495FF7-06C0-4A39-9675-43595AD0D490}
	EndGlobalSection
EndGlobal
